{
  "originHash" : "d90ce3deda94fd82d76b537a88a65be6316d11a95c641d2c9089e51e31a46686",
  "pins" : [
    {
      "identity" : "swift-enespanol",
      "kind" : "remoteSourceControl",
      "location" : "https://github.com/jeremyabannister/Swift-enEspanol",
      "state" : {
        "revision" : "26826302bf22bfd056943767237b4efb4ec88a82",
        "version" : "0.1.0"
      }
    }
  ],
  "version" : 3
}
